// !$*UTF8*$!
{
	archiveVersion = 1;
	classes = {
	};
	objectVersion = 56;
	objects = {

/* Begin PBXBuildFile section */
		A75C5D8C2A19576E00E6D89B /* OnboardingPageControl.swift in Sources */ = {isa = PBXBuildFile; fileRef = A75C5D8B2A19576E00E6D89B /* OnboardingPageControl.swift */; };
		A769AD3C2A1A7D26001DEA8B /* OnboardingButton.swift in Sources */ = {isa = PBXBuildFile; fileRef = A769AD3B2A1A7D26001DEA8B /* OnboardingButton.swift */; };
		A769AD3F2A1A8762001DEA8B /* UIView+Extension.swift in Sources */ = {isa = PBXBuildFile; fileRef = A769AD3E2A1A8762001DEA8B /* UIView+Extension.swift */; };
		A769AD422A1A95A0001DEA8B /* AlertService.swift in Sources */ = {isa = PBXBuildFile; fileRef = A769AD412A1A95A0001DEA8B /* AlertService.swift */; };
		A769AD452A1B7038001DEA8B /* PurchaseManager.swift in Sources */ = {isa = PBXBuildFile; fileRef = A769AD442A1B7038001DEA8B /* PurchaseManager.swift */; };
		A769AD482A1BA8DB001DEA8B /* AdaptiveLayoutConstraint.swift in Sources */ = {isa = PBXBuildFile; fileRef = A769AD472A1BA8DA001DEA8B /* AdaptiveLayoutConstraint.swift */; };
		A786A05F2A165D610006E105 /* AppDelegate.swift in Sources */ = {isa = PBXBuildFile; fileRef = A786A05E2A165D610006E105 /* AppDelegate.swift */; };
		A786A0612A165D610006E105 /* SceneDelegate.swift in Sources */ = {isa = PBXBuildFile; fileRef = A786A0602A165D610006E105 /* SceneDelegate.swift */; };
		A786A0632A165D610006E105 /* OnboardingViewController.swift in Sources */ = {isa = PBXBuildFile; fileRef = A786A0622A165D610006E105 /* OnboardingViewController.swift */; };
		A786A0682A165D630006E105 /* Assets.xcassets in Resources */ = {isa = PBXBuildFile; fileRef = A786A0672A165D630006E105 /* Assets.xcassets */; };
		A786A06B2A165D630006E105 /* LaunchScreen.storyboard in Resources */ = {isa = PBXBuildFile; fileRef = A786A0692A165D630006E105 /* LaunchScreen.storyboard */; };
		A786A0732A168A2E0006E105 /* OnboardingScreensModel.swift in Sources */ = {isa = PBXBuildFile; fileRef = A786A0722A168A2E0006E105 /* OnboardingScreensModel.swift */; };
		A786A0752A169A8A0006E105 /* OnboardingCell.swift in Sources */ = {isa = PBXBuildFile; fileRef = A786A0742A169A8A0006E105 /* OnboardingCell.swift */; };
		A786A0772A16A6160006E105 /* OnboardingScreen.xib in Resources */ = {isa = PBXBuildFile; fileRef = A786A0762A16A6160006E105 /* OnboardingScreen.xib */; };
		A786A07E2A16A8450006E105 /* OnboardingCell.xib in Resources */ = {isa = PBXBuildFile; fileRef = A786A07D2A16A8450006E105 /* OnboardingCell.xib */; };
		A786A0802A16AF1B0006E105 /* MainFlowCoordinator.swift in Sources */ = {isa = PBXBuildFile; fileRef = A786A07F2A16AF1B0006E105 /* MainFlowCoordinator.swift */; };
		A786A0842A16AFBC0006E105 /* MainRouter.swift in Sources */ = {isa = PBXBuildFile; fileRef = A786A0832A16AFBC0006E105 /* MainRouter.swift */; };
		A786A0862A16AFCA0006E105 /* RouterProtocol.swift in Sources */ = {isa = PBXBuildFile; fileRef = A786A0852A16AFCA0006E105 /* RouterProtocol.swift */; };
/* End PBXBuildFile section */

/* Begin PBXFileReference section */
		A75C5D8B2A19576E00E6D89B /* OnboardingPageControl.swift */ = {isa = PBXFileReference; lastKnownFileType = sourcecode.swift; path = OnboardingPageControl.swift; sourceTree = "<group>"; };
		A769AD3B2A1A7D26001DEA8B /* OnboardingButton.swift */ = {isa = PBXFileReference; lastKnownFileType = sourcecode.swift; path = OnboardingButton.swift; sourceTree = "<group>"; };
		A769AD3E2A1A8762001DEA8B /* UIView+Extension.swift */ = {isa = PBXFileReference; lastKnownFileType = sourcecode.swift; path = "UIView+Extension.swift"; sourceTree = "<group>"; };
		A769AD412A1A95A0001DEA8B /* AlertService.swift */ = {isa = PBXFileReference; lastKnownFileType = sourcecode.swift; path = AlertService.swift; sourceTree = "<group>"; };
		A769AD432A1B6B7E001DEA8B /* StoreKitConfiguration.storekit */ = {isa = PBXFileReference; lastKnownFileType = text; path = StoreKitConfiguration.storekit; sourceTree = "<group>"; };
		A769AD442A1B7038001DEA8B /* PurchaseManager.swift */ = {isa = PBXFileReference; lastKnownFileType = sourcecode.swift; path = PurchaseManager.swift; sourceTree = "<group>"; };
		A769AD472A1BA8DA001DEA8B /* AdaptiveLayoutConstraint.swift */ = {isa = PBXFileReference; fileEncoding = 4; lastKnownFileType = sourcecode.swift; path = AdaptiveLayoutConstraint.swift; sourceTree = "<group>"; };
		A786A05B2A165D610006E105 /* AssistOnboarding.app */ = {isa = PBXFileReference; explicitFileType = wrapper.application; includeInIndex = 0; path = AssistOnboarding.app; sourceTree = BUILT_PRODUCTS_DIR; };
		A786A05E2A165D610006E105 /* AppDelegate.swift */ = {isa = PBXFileReference; lastKnownFileType = sourcecode.swift; path = AppDelegate.swift; sourceTree = "<group>"; };
		A786A0602A165D610006E105 /* SceneDelegate.swift */ = {isa = PBXFileReference; lastKnownFileType = sourcecode.swift; path = SceneDelegate.swift; sourceTree = "<group>"; };
		A786A0622A165D610006E105 /* OnboardingViewController.swift */ = {isa = PBXFileReference; lastKnownFileType = sourcecode.swift; path = OnboardingViewController.swift; sourceTree = "<group>"; };
		A786A0672A165D630006E105 /* Assets.xcassets */ = {isa = PBXFileReference; lastKnownFileType = folder.assetcatalog; path = Assets.xcassets; sourceTree = "<group>"; };
		A786A06A2A165D630006E105 /* Base */ = {isa = PBXFileReference; lastKnownFileType = file.storyboard; name = Base; path = Base.lproj/LaunchScreen.storyboard; sourceTree = "<group>"; };
		A786A06C2A165D630006E105 /* Info.plist */ = {isa = PBXFileReference; lastKnownFileType = text.plist.xml; path = Info.plist; sourceTree = "<group>"; };
		A786A0722A168A2E0006E105 /* OnboardingScreensModel.swift */ = {isa = PBXFileReference; lastKnownFileType = sourcecode.swift; path = OnboardingScreensModel.swift; sourceTree = "<group>"; };
		A786A0742A169A8A0006E105 /* OnboardingCell.swift */ = {isa = PBXFileReference; lastKnownFileType = sourcecode.swift; path = OnboardingCell.swift; sourceTree = "<group>"; };
		A786A0762A16A6160006E105 /* OnboardingScreen.xib */ = {isa = PBXFileReference; lastKnownFileType = file.xib; path = OnboardingScreen.xib; sourceTree = "<group>"; };
		A786A07D2A16A8450006E105 /* OnboardingCell.xib */ = {isa = PBXFileReference; lastKnownFileType = file.xib; path = OnboardingCell.xib; sourceTree = "<group>"; };
		A786A07F2A16AF1B0006E105 /* MainFlowCoordinator.swift */ = {isa = PBXFileReference; lastKnownFileType = sourcecode.swift; path = MainFlowCoordinator.swift; sourceTree = "<group>"; };
		A786A0832A16AFBC0006E105 /* MainRouter.swift */ = {isa = PBXFileReference; lastKnownFileType = sourcecode.swift; path = MainRouter.swift; sourceTree = "<group>"; };
		A786A0852A16AFCA0006E105 /* RouterProtocol.swift */ = {isa = PBXFileReference; lastKnownFileType = sourcecode.swift; path = RouterProtocol.swift; sourceTree = "<group>"; };
/* End PBXFileReference section */

/* Begin PBXFrameworksBuildPhase section */
		A786A0582A165D610006E105 /* Frameworks */ = {
			isa = PBXFrameworksBuildPhase;
			buildActionMask = 2147483647;
			files = (
			);
			runOnlyForDeploymentPostprocessing = 0;
		};
/* End PBXFrameworksBuildPhase section */

/* Begin PBXGroup section */
		A769AD3A2A1A34B9001DEA8B /* Views */ = {
			isa = PBXGroup;
			children = (
				A75C5D8B2A19576E00E6D89B /* OnboardingPageControl.swift */,
				A769AD3B2A1A7D26001DEA8B /* OnboardingButton.swift */,
			);
			path = Views;
			sourceTree = "<group>";
		};
		A769AD3D2A1A8749001DEA8B /* Extensions */ = {
			isa = PBXGroup;
			children = (
				A769AD3E2A1A8762001DEA8B /* UIView+Extension.swift */,
			);
			path = Extensions;
			sourceTree = "<group>";
		};
		A769AD402A1A9585001DEA8B /* Services */ = {
			isa = PBXGroup;
			children = (
				A769AD412A1A95A0001DEA8B /* AlertService.swift */,
			);
			path = Services;
			sourceTree = "<group>";
		};
		A769AD462A1B9EB2001DEA8B /* Store */ = {
			isa = PBXGroup;
			children = (
				A769AD442A1B7038001DEA8B /* PurchaseManager.swift */,
				A769AD432A1B6B7E001DEA8B /* StoreKitConfiguration.storekit */,
			);
			path = Store;
			sourceTree = "<group>";
		};
		A769AD492A1BAB49001DEA8B /* Helpers */ = {
			isa = PBXGroup;
			children = (
				A769AD472A1BA8DA001DEA8B /* AdaptiveLayoutConstraint.swift */,
			);
			path = Helpers;
			sourceTree = "<group>";
		};
		A786A0522A165D610006E105 = {
			isa = PBXGroup;
			children = (
				A786A05D2A165D610006E105 /* AssistOnboarding */,
				A786A05C2A165D610006E105 /* Products */,
			);
			sourceTree = "<group>";
		};
		A786A05C2A165D610006E105 /* Products */ = {
			isa = PBXGroup;
			children = (
				A786A05B2A165D610006E105 /* AssistOnboarding.app */,
			);
			name = Products;
			sourceTree = "<group>";
		};
		A786A05D2A165D610006E105 /* AssistOnboarding */ = {
			isa = PBXGroup;
			children = (
				A786A05E2A165D610006E105 /* AppDelegate.swift */,
				A786A0602A165D610006E105 /* SceneDelegate.swift */,
				A786A0822A16AFA00006E105 /* Router */,
				A786A0812A16AF930006E105 /* Coordinators */,
				A786A07A2A16A7F70006E105 /* Models */,
				A786A07B2A16A80D0006E105 /* Controllers */,
				A769AD3A2A1A34B9001DEA8B /* Views */,
				A769AD402A1A9585001DEA8B /* Services */,
				A769AD462A1B9EB2001DEA8B /* Store */,
				A769AD492A1BAB49001DEA8B /* Helpers */,
				A769AD3D2A1A8749001DEA8B /* Extensions */,
				A786A0782A16A7E30006E105 /* Cells */,
				A786A0792A16A7EC0006E105 /* Screens */,
				A786A0672A165D630006E105 /* Assets.xcassets */,
				A786A0692A165D630006E105 /* LaunchScreen.storyboard */,
				A786A06C2A165D630006E105 /* Info.plist */,
			);
			path = AssistOnboarding;
			sourceTree = "<group>";
		};
		A786A0782A16A7E30006E105 /* Cells */ = {
			isa = PBXGroup;
			children = (
				A786A0742A169A8A0006E105 /* OnboardingCell.swift */,
				A786A07D2A16A8450006E105 /* OnboardingCell.xib */,
			);
			path = Cells;
			sourceTree = "<group>";
		};
		A786A0792A16A7EC0006E105 /* Screens */ = {
			isa = PBXGroup;
			children = (
				A786A0762A16A6160006E105 /* OnboardingScreen.xib */,
			);
			path = Screens;
			sourceTree = "<group>";
		};
		A786A07A2A16A7F70006E105 /* Models */ = {
			isa = PBXGroup;
			children = (
				A786A0722A168A2E0006E105 /* OnboardingScreensModel.swift */,
			);
			path = Models;
			sourceTree = "<group>";
		};
		A786A07B2A16A80D0006E105 /* Controllers */ = {
			isa = PBXGroup;
			children = (
				A786A0622A165D610006E105 /* OnboardingViewController.swift */,
			);
			path = Controllers;
			sourceTree = "<group>";
		};
		A786A0812A16AF930006E105 /* Coordinators */ = {
			isa = PBXGroup;
			children = (
				A786A07F2A16AF1B0006E105 /* MainFlowCoordinator.swift */,
			);
			path = Coordinators;
			sourceTree = "<group>";
		};
		A786A0822A16AFA00006E105 /* Router */ = {
			isa = PBXGroup;
			children = (
				A786A0832A16AFBC0006E105 /* MainRouter.swift */,
				A786A0852A16AFCA0006E105 /* RouterProtocol.swift */,
			);
			path = Router;
			sourceTree = "<group>";
		};
/* End PBXGroup section */

/* Begin PBXNativeTarget section */
		A786A05A2A165D610006E105 /* AssistOnboarding */ = {
			isa = PBXNativeTarget;
			buildConfigurationList = A786A06F2A165D630006E105 /* Build configuration list for PBXNativeTarget "AssistOnboarding" */;
			buildPhases = (
				A786A0572A165D610006E105 /* Sources */,
				A786A0582A165D610006E105 /* Frameworks */,
				A786A0592A165D610006E105 /* Resources */,
			);
			buildRules = (
			);
			dependencies = (
			);
			name = AssistOnboarding;
			productName = AssistOnboarding;
			productReference = A786A05B2A165D610006E105 /* AssistOnboarding.app */;
			productType = "com.apple.product-type.application";
		};
/* End PBXNativeTarget section */

/* Begin PBXProject section */
		A786A0532A165D610006E105 /* Project object */ = {
			isa = PBXProject;
			attributes = {
				BuildIndependentTargetsInParallel = 1;
				LastSwiftUpdateCheck = 1430;
				LastUpgradeCheck = 1430;
				TargetAttributes = {
					A786A05A2A165D610006E105 = {
						CreatedOnToolsVersion = 14.3;
					};
				};
			};
			buildConfigurationList = A786A0562A165D610006E105 /* Build configuration list for PBXProject "AssistOnboarding" */;
			compatibilityVersion = "Xcode 14.0";
			developmentRegion = en;
			hasScannedForEncodings = 0;
			knownRegions = (
				en,
				Base,
			);
			mainGroup = A786A0522A165D610006E105;
			productRefGroup = A786A05C2A165D610006E105 /* Products */;
			projectDirPath = "";
			projectRoot = "";
			targets = (
				A786A05A2A165D610006E105 /* AssistOnboarding */,
			);
		};
/* End PBXProject section */

/* Begin PBXResourcesBuildPhase section */
		A786A0592A165D610006E105 /* Resources */ = {
			isa = PBXResourcesBuildPhase;
			buildActionMask = 2147483647;
			files = (
				A786A0772A16A6160006E105 /* OnboardingScreen.xib in Resources */,
				A786A06B2A165D630006E105 /* LaunchScreen.storyboard in Resources */,
				A786A0682A165D630006E105 /* Assets.xcassets in Resources */,
				A786A07E2A16A8450006E105 /* OnboardingCell.xib in Resources */,
			);
			runOnlyForDeploymentPostprocessing = 0;
		};
/* End PBXResourcesBuildPhase section */

/* Begin PBXSourcesBuildPhase section */
		A786A0572A165D610006E105 /* Sources */ = {
			isa = PBXSourcesBuildPhase;
			buildActionMask = 2147483647;
			files = (
				A769AD3F2A1A8762001DEA8B /* UIView+Extension.swift in Sources */,
				A769AD3C2A1A7D26001DEA8B /* OnboardingButton.swift in Sources */,
				A769AD482A1BA8DB001DEA8B /* AdaptiveLayoutConstraint.swift in Sources */,
				A75C5D8C2A19576E00E6D89B /* OnboardingPageControl.swift in Sources */,
				A786A0862A16AFCA0006E105 /* RouterProtocol.swift in Sources */,
				A786A0632A165D610006E105 /* OnboardingViewController.swift in Sources */,
				A786A0842A16AFBC0006E105 /* MainRouter.swift in Sources */,
				A786A0752A169A8A0006E105 /* OnboardingCell.swift in Sources */,
				A786A05F2A165D610006E105 /* AppDelegate.swift in Sources */,
				A786A0732A168A2E0006E105 /* OnboardingScreensModel.swift in Sources */,
				A769AD452A1B7038001DEA8B /* PurchaseManager.swift in Sources */,
				A786A0612A165D610006E105 /* SceneDelegate.swift in Sources */,
				A769AD422A1A95A0001DEA8B /* AlertService.swift in Sources */,
				A786A0802A16AF1B0006E105 /* MainFlowCoordinator.swift in Sources */,
			);
			runOnlyForDeploymentPostprocessing = 0;
		};
/* End PBXSourcesBuildPhase section */

/* Begin PBXVariantGroup section */
		A786A0692A165D630006E105 /* LaunchScreen.storyboard */ = {
			isa = PBXVariantGroup;
			children = (
				A786A06A2A165D630006E105 /* Base */,
			);
			name = LaunchScreen.storyboard;
			sourceTree = "<group>";
		};
/* End PBXVariantGroup section */

/* Begin XCBuildConfiguration section */
		A786A06D2A165D630006E105 /* Debug */ = {
			isa = XCBuildConfiguration;
			buildSettings = {
				ALWAYS_SEARCH_USER_PATHS = NO;
				CLANG_ANALYZER_NONNULL = YES;
				CLANG_ANALYZER_NUMBER_OBJECT_CONVERSION = YES_AGGRESSIVE;
				CLANG_CXX_LANGUAGE_STANDARD = "gnu++20";
				CLANG_ENABLE_MODULES = YES;
				CLANG_ENABLE_OBJC_ARC = YES;
				CLANG_ENABLE_OBJC_WEAK = YES;
				CLANG_WARN_BLOCK_CAPTURE_AUTORELEASING = YES;
				CLANG_WARN_BOOL_CONVERSION = YES;
				CLANG_WARN_COMMA = YES;
				CLANG_WARN_CONSTANT_CONVERSION = YES;
				CLANG_WARN_DEPRECATED_OBJC_IMPLEMENTATIONS = YES;
				CLANG_WARN_DIRECT_OBJC_ISA_USAGE = YES_ERROR;
				CLANG_WARN_DOCUMENTATION_COMMENTS = YES;
				CLANG_WARN_EMPTY_BODY = YES;
				CLANG_WARN_ENUM_CONVERSION = YES;
				CLANG_WARN_INFINITE_RECURSION = YES;
				CLANG_WARN_INT_CONVERSION = YES;
				CLANG_WARN_NON_LITERAL_NULL_CONVERSION = YES;
				CLANG_WARN_OBJC_IMPLICIT_RETAIN_SELF = YES;
				CLANG_WARN_OBJC_LITERAL_CONVERSION = YES;
				CLANG_WARN_OBJC_ROOT_CLASS = YES_ERROR;
				CLANG_WARN_QUOTED_INCLUDE_IN_FRAMEWORK_HEADER = YES;
				CLANG_WARN_RANGE_LOOP_ANALYSIS = YES;
				CLANG_WARN_STRICT_PROTOTYPES = YES;
				CLANG_WARN_SUSPICIOUS_MOVE = YES;
				CLANG_WARN_UNGUARDED_AVAILABILITY = YES_AGGRESSIVE;
				CLANG_WARN_UNREACHABLE_CODE = YES;
				CLANG_WARN__DUPLICATE_METHOD_MATCH = YES;
				COPY_PHASE_STRIP = NO;
				DEBUG_INFORMATION_FORMAT = dwarf;
				ENABLE_STRICT_OBJC_MSGSEND = YES;
				ENABLE_TESTABILITY = YES;
				GCC_C_LANGUAGE_STANDARD = gnu11;
				GCC_DYNAMIC_NO_PIC = NO;
				GCC_NO_COMMON_BLOCKS = YES;
				GCC_OPTIMIZATION_LEVEL = 0;
				GCC_PREPROCESSOR_DEFINITIONS = (
					"DEBUG=1",
					"$(inherited)",
				);
				GCC_WARN_64_TO_32_BIT_CONVERSION = YES;
				GCC_WARN_ABOUT_RETURN_TYPE = YES_ERROR;
				GCC_WARN_UNDECLARED_SELECTOR = YES;
				GCC_WARN_UNINITIALIZED_AUTOS = YES_AGGRESSIVE;
				GCC_WARN_UNUSED_FUNCTION = YES;
				GCC_WARN_UNUSED_VARIABLE = YES;
				IPHONEOS_DEPLOYMENT_TARGET = 16.4;
				MTL_ENABLE_DEBUG_INFO = INCLUDE_SOURCE;
				MTL_FAST_MATH = YES;
				ONLY_ACTIVE_ARCH = YES;
				SDKROOT = iphoneos;
				SWIFT_ACTIVE_COMPILATION_CONDITIONS = DEBUG;
				SWIFT_OPTIMIZATION_LEVEL = "-Onone";
			};
			name = Debug;
		};
		A786A06E2A165D630006E105 /* Release */ = {
			isa = XCBuildConfiguration;
			buildSettings = {
				ALWAYS_SEARCH_USER_PATHS = NO;
				CLANG_ANALYZER_NONNULL = YES;
				CLANG_ANALYZER_NUMBER_OBJECT_CONVERSION = YES_AGGRESSIVE;
				CLANG_CXX_LANGUAGE_STANDARD = "gnu++20";
				CLANG_ENABLE_MODULES = YES;
				CLANG_ENABLE_OBJC_ARC = YES;
				CLANG_ENABLE_OBJC_WEAK = YES;
				CLANG_WARN_BLOCK_CAPTURE_AUTORELEASING = YES;
				CLANG_WARN_BOOL_CONVERSION = YES;
				CLANG_WARN_COMMA = YES;
				CLANG_WARN_CONSTANT_CONVERSION = YES;
				CLANG_WARN_DEPRECATED_OBJC_IMPLEMENTATIONS = YES;
				CLANG_WARN_DIRECT_OBJC_ISA_USAGE = YES_ERROR;
				CLANG_WARN_DOCUMENTATION_COMMENTS = YES;
				CLANG_WARN_EMPTY_BODY = YES;
				CLANG_WARN_ENUM_CONVERSION = YES;
				CLANG_WARN_INFINITE_RECURSION = YES;
				CLANG_WARN_INT_CONVERSION = YES;
				CLANG_WARN_NON_LITERAL_NULL_CONVERSION = YES;
				CLANG_WARN_OBJC_IMPLICIT_RETAIN_SELF = YES;
				CLANG_WARN_OBJC_LITERAL_CONVERSION = YES;
				CLANG_WARN_OBJC_ROOT_CLASS = YES_ERROR;
				CLANG_WARN_QUOTED_INCLUDE_IN_FRAMEWORK_HEADER = YES;
				CLANG_WARN_RANGE_LOOP_ANALYSIS = YES;
				CLANG_WARN_STRICT_PROTOTYPES = YES;
				CLANG_WARN_SUSPICIOUS_MOVE = YES;
				CLANG_WARN_UNGUARDED_AVAILABILITY = YES_AGGRESSIVE;
				CLANG_WARN_UNREACHABLE_CODE = YES;
				CLANG_WARN__DUPLICATE_METHOD_MATCH = YES;
				COPY_PHASE_STRIP = NO;
				DEBUG_INFORMATION_FORMAT = "dwarf-with-dsym";
				ENABLE_NS_ASSERTIONS = NO;
				ENABLE_STRICT_OBJC_MSGSEND = YES;
				GCC_C_LANGUAGE_STANDARD = gnu11;
				GCC_NO_COMMON_BLOCKS = YES;
				GCC_WARN_64_TO_32_BIT_CONVERSION = YES;
				GCC_WARN_ABOUT_RETURN_TYPE = YES_ERROR;
				GCC_WARN_UNDECLARED_SELECTOR = YES;
				GCC_WARN_UNINITIALIZED_AUTOS = YES_AGGRESSIVE;
				GCC_WARN_UNUSED_FUNCTION = YES;
				GCC_WARN_UNUSED_VARIABLE = YES;
				IPHONEOS_DEPLOYMENT_TARGET = 16.4;
				MTL_ENABLE_DEBUG_INFO = NO;
				MTL_FAST_MATH = YES;
				SDKROOT = iphoneos;
				SWIFT_COMPILATION_MODE = wholemodule;
				SWIFT_OPTIMIZATION_LEVEL = "-O";
				VALIDATE_PRODUCT = YES;
			};
			name = Release;
		};
		A786A0702A165D630006E105 /* Debug */ = {
			isa = XCBuildConfiguration;
			buildSettings = {
				ASSETCATALOG_COMPILER_APPICON_NAME = AppIcon;
				ASSETCATALOG_COMPILER_GLOBAL_ACCENT_COLOR_NAME = AccentColor;
				CODE_SIGN_STYLE = Automatic;
				CURRENT_PROJECT_VERSION = 1;
				DEVELOPMENT_TEAM = Z99V4XXVDP;
				GENERATE_INFOPLIST_FILE = YES;
				INFOPLIST_FILE = AssistOnboarding/Info.plist;
				INFOPLIST_KEY_LSApplicationCategoryType = "public.app-category.utilities";
				INFOPLIST_KEY_UIApplicationSupportsIndirectInputEvents = YES;
				INFOPLIST_KEY_UILaunchStoryboardName = LaunchScreen;
				INFOPLIST_KEY_UISupportedInterfaceOrientations = UIInterfaceOrientationPortrait;
				INFOPLIST_KEY_UISupportedInterfaceOrientations_iPad = "UIInterfaceOrientationLandscapeLeft UIInterfaceOrientationLandscapeRight UIInterfaceOrientationPortrait UIInterfaceOrientationPortraitUpsideDown";
				IPHONEOS_DEPLOYMENT_TARGET = 15.0;
				LD_RUNPATH_SEARCH_PATHS = (
					"$(inherited)",
					"@executable_path/Frameworks",
				);
				MARKETING_VERSION = 1.0.0;
				PRODUCT_BUNDLE_IDENTIFIER = com.artemcore.AssistOnboarding;
				PRODUCT_NAME = "$(TARGET_NAME)";
				SUPPORTED_PLATFORMS = "iphoneos iphonesimulator";
				SUPPORTS_MACCATALYST = NO;
				SUPPORTS_MAC_DESIGNED_FOR_IPHONE_IPAD = YES;
				SWIFT_EMIT_LOC_STRINGS = YES;
				SWIFT_VERSION = 5.0;
				TARGETED_DEVICE_FAMILY = 1;
			};
			name = Debug;
		};
		A786A0712A165D630006E105 /* Release */ = {
			isa = XCBuildConfiguration;
			buildSettings = {
				ASSETCATALOG_COMPILER_APPICON_NAME = AppIcon;
				ASSETCATALOG_COMPILER_GLOBAL_ACCENT_COLOR_NAME = AccentColor;
				CODE_SIGN_STYLE = Automatic;
				CURRENT_PROJECT_VERSION = 1;
				DEVELOPMENT_TEAM = Z99V4XXVDP;
				GENERATE_INFOPLIST_FILE = YES;
				INFOPLIST_FILE = AssistOnboarding/Info.plist;
				INFOPLIST_KEY_LSApplicationCategoryType = "public.app-category.utilities";
				INFOPLIST_KEY_UIApplicationSupportsIndirectInputEvents = YES;
				INFOPLIST_KEY_UILaunchStoryboardName = LaunchScreen;
				INFOPLIST_KEY_UISupportedInterfaceOrientations = UIInterfaceOrientationPortrait;
				INFOPLIST_KEY_UISupportedInterfaceOrientations_iPad = "UIInterfaceOrientationLandscapeLeft UIInterfaceOrientationLandscapeRight UIInterfaceOrientationPortrait UIInterfaceOrientationPortraitUpsideDown";
				IPHONEOS_DEPLOYMENT_TARGET = 15.0;
				LD_RUNPATH_SEARCH_PATHS = (
					"$(inherited)",
					"@executable_path/Frameworks",
				);
				MARKETING_VERSION = 1.0.0;
				PRODUCT_BUNDLE_IDENTIFIER = com.artemcore.AssistOnboarding;
				PRODUCT_NAME = "$(TARGET_NAME)";
				SUPPORTED_PLATFORMS = "iphoneos iphonesimulator";
				SUPPORTS_MACCATALYST = NO;
				SUPPORTS_MAC_DESIGNED_FOR_IPHONE_IPAD = YES;
				SWIFT_EMIT_LOC_STRINGS = YES;
				SWIFT_VERSION = 5.0;
				TARGETED_DEVICE_FAMILY = 1;
			};
			name = Release;
		};
/* End XCBuildConfiguration section */

/* Begin XCConfigurationList section */
		A786A0562A165D610006E105 /* Build configuration list for PBXProject "AssistOnboarding" */ = {
			isa = XCConfigurationList;
			buildConfigurations = (
				A786A06D2A165D630006E105 /* Debug */,
				A786A06E2A165D630006E105 /* Release */,
			);
			defaultConfigurationIsVisible = 0;
			defaultConfigurationName = Release;
		};
		A786A06F2A165D630006E105 /* Build configuration list for PBXNativeTarget "AssistOnboarding" */ = {
			isa = XCConfigurationList;
			buildConfigurations = (
				A786A0702A165D630006E105 /* Debug */,
				A786A0712A165D630006E105 /* Release */,
			);
			defaultConfigurationIsVisible = 0;
			defaultConfigurationName = Release;
		};
/* End XCConfigurationList section */
	};
	rootObject = A786A0532A165D610006E105 /* Project object */;
}
